// !$*UTF8*$!
{
	archiveVersion = 1;
	classes = {
	};
	objectVersion = 50;
	objects = {

/* Begin PBXBuildFile section */
		67DADC29D8A530FDB2777A25 /* Pods_CalculateMachineUITests.framework in Frameworks */ = {isa = PBXBuildFile; fileRef = E36CD3B54E6C65526DDFB41A /* Pods_CalculateMachineUITests.framework */; };
		8C2F729983DA45F38D410CA9 /* Pods_CalculateMachineTests.framework in Frameworks */ = {isa = PBXBuildFile; fileRef = B214F9AD6C4970C142B9FABC /* Pods_CalculateMachineTests.framework */; };
		C85CA4DD2206C9A700AC8140 /* AppDelegate.swift in Sources */ = {isa = PBXBuildFile; fileRef = C85CA4DC2206C9A700AC8140 /* AppDelegate.swift */; };
		C85CA4DF2206C9A700AC8140 /* ViewController.swift in Sources */ = {isa = PBXBuildFile; fileRef = C85CA4DE2206C9A700AC8140 /* ViewController.swift */; };
		C85CA4E22206C9A700AC8140 /* Main.storyboard in Resources */ = {isa = PBXBuildFile; fileRef = C85CA4E02206C9A700AC8140 /* Main.storyboard */; };
		C85CA4E42206C9A900AC8140 /* Assets.xcassets in Resources */ = {isa = PBXBuildFile; fileRef = C85CA4E32206C9A900AC8140 /* Assets.xcassets */; };
		C85CA4E72206C9A900AC8140 /* LaunchScreen.storyboard in Resources */ = {isa = PBXBuildFile; fileRef = C85CA4E52206C9A900AC8140 /* LaunchScreen.storyboard */; };
		C85CA4F22206C9AA00AC8140 /* CalculateMachineTests.swift in Sources */ = {isa = PBXBuildFile; fileRef = C85CA4F12206C9AA00AC8140 /* CalculateMachineTests.swift */; };
		C85CA4FD2206C9AA00AC8140 /* CalculateMachineUITests.swift in Sources */ = {isa = PBXBuildFile; fileRef = C85CA4FC2206C9AA00AC8140 /* CalculateMachineUITests.swift */; };
		C85CA50B2206C9CC00AC8140 /* ViewModel.swift in Sources */ = {isa = PBXBuildFile; fileRef = C85CA50A2206C9CC00AC8140 /* ViewModel.swift */; };
		C85CA50D2206CA7D00AC8140 /* Protocol.swift in Sources */ = {isa = PBXBuildFile; fileRef = C85CA50C2206CA7D00AC8140 /* Protocol.swift */; };
		D2E5C59F46F942B078355C65 /* Pods_CalculateMachine.framework in Frameworks */ = {isa = PBXBuildFile; fileRef = 1864397B591D1FF7ECD8F0DA /* Pods_CalculateMachine.framework */; };
/* End PBXBuildFile section */

/* Begin PBXContainerItemProxy section */
		C85CA4EE2206C9AA00AC8140 /* PBXContainerItemProxy */ = {
			isa = PBXContainerItemProxy;
			containerPortal = C85CA4D12206C9A700AC8140 /* Project object */;
			proxyType = 1;
			remoteGlobalIDString = C85CA4D82206C9A700AC8140;
			remoteInfo = CalculateMachine;
		};
		C85CA4F92206C9AA00AC8140 /* PBXContainerItemProxy */ = {
			isa = PBXContainerItemProxy;
			containerPortal = C85CA4D12206C9A700AC8140 /* Project object */;
			proxyType = 1;
			remoteGlobalIDString = C85CA4D82206C9A700AC8140;
			remoteInfo = CalculateMachine;
		};
/* End PBXContainerItemProxy section */

/* Begin PBXFileReference section */
		1598691BBD60F451C19B1679 /* Pods-CalculateMachineUITests.debug.xcconfig */ = {isa = PBXFileReference; includeInIndex = 1; lastKnownFileType = text.xcconfig; name = "Pods-CalculateMachineUITests.debug.xcconfig"; path = "Target Support Files/Pods-CalculateMachineUITests/Pods-CalculateMachineUITests.debug.xcconfig"; sourceTree = "<group>"; };
		1864397B591D1FF7ECD8F0DA /* Pods_CalculateMachine.framework */ = {isa = PBXFileReference; explicitFileType = wrapper.framework; includeInIndex = 0; path = Pods_CalculateMachine.framework; sourceTree = BUILT_PRODUCTS_DIR; };
		65BFCDB390D266B104A6AE85 /* Pods-CalculateMachine.debug.xcconfig */ = {isa = PBXFileReference; includeInIndex = 1; lastKnownFileType = text.xcconfig; name = "Pods-CalculateMachine.debug.xcconfig"; path = "Target Support Files/Pods-CalculateMachine/Pods-CalculateMachine.debug.xcconfig"; sourceTree = "<group>"; };
		6623DD92150AAC60BC5AA087 /* Pods-CalculateMachineUITests.release.xcconfig */ = {isa = PBXFileReference; includeInIndex = 1; lastKnownFileType = text.xcconfig; name = "Pods-CalculateMachineUITests.release.xcconfig"; path = "Target Support Files/Pods-CalculateMachineUITests/Pods-CalculateMachineUITests.release.xcconfig"; sourceTree = "<group>"; };
		82B32B1A685F46E01D4AB978 /* Pods-CalculateMachineTests.release.xcconfig */ = {isa = PBXFileReference; includeInIndex = 1; lastKnownFileType = text.xcconfig; name = "Pods-CalculateMachineTests.release.xcconfig"; path = "Target Support Files/Pods-CalculateMachineTests/Pods-CalculateMachineTests.release.xcconfig"; sourceTree = "<group>"; };
		B214F9AD6C4970C142B9FABC /* Pods_CalculateMachineTests.framework */ = {isa = PBXFileReference; explicitFileType = wrapper.framework; includeInIndex = 0; path = Pods_CalculateMachineTests.framework; sourceTree = BUILT_PRODUCTS_DIR; };
		B30D25E586B9ECAB449F2F23 /* Pods-CalculateMachine.release.xcconfig */ = {isa = PBXFileReference; includeInIndex = 1; lastKnownFileType = text.xcconfig; name = "Pods-CalculateMachine.release.xcconfig"; path = "Target Support Files/Pods-CalculateMachine/Pods-CalculateMachine.release.xcconfig"; sourceTree = "<group>"; };
		C85CA4D92206C9A700AC8140 /* CalculateMachine.app */ = {isa = PBXFileReference; explicitFileType = wrapper.application; includeInIndex = 0; path = CalculateMachine.app; sourceTree = BUILT_PRODUCTS_DIR; };
		C85CA4DC2206C9A700AC8140 /* AppDelegate.swift */ = {isa = PBXFileReference; lastKnownFileType = sourcecode.swift; path = AppDelegate.swift; sourceTree = "<group>"; };
		C85CA4DE2206C9A700AC8140 /* ViewController.swift */ = {isa = PBXFileReference; lastKnownFileType = sourcecode.swift; path = ViewController.swift; sourceTree = "<group>"; };
		C85CA4E12206C9A700AC8140 /* Base */ = {isa = PBXFileReference; lastKnownFileType = file.storyboard; name = Base; path = Base.lproj/Main.storyboard; sourceTree = "<group>"; };
		C85CA4E32206C9A900AC8140 /* Assets.xcassets */ = {isa = PBXFileReference; lastKnownFileType = folder.assetcatalog; path = Assets.xcassets; sourceTree = "<group>"; };
		C85CA4E62206C9A900AC8140 /* Base */ = {isa = PBXFileReference; lastKnownFileType = file.storyboard; name = Base; path = Base.lproj/LaunchScreen.storyboard; sourceTree = "<group>"; };
		C85CA4E82206C9A900AC8140 /* Info.plist */ = {isa = PBXFileReference; lastKnownFileType = text.plist.xml; path = Info.plist; sourceTree = "<group>"; };
		C85CA4ED2206C9AA00AC8140 /* CalculateMachineTests.xctest */ = {isa = PBXFileReference; explicitFileType = wrapper.cfbundle; includeInIndex = 0; path = CalculateMachineTests.xctest; sourceTree = BUILT_PRODUCTS_DIR; };
		C85CA4F12206C9AA00AC8140 /* CalculateMachineTests.swift */ = {isa = PBXFileReference; lastKnownFileType = sourcecode.swift; path = CalculateMachineTests.swift; sourceTree = "<group>"; };
		C85CA4F32206C9AA00AC8140 /* Info.plist */ = {isa = PBXFileReference; lastKnownFileType = text.plist.xml; path = Info.plist; sourceTree = "<group>"; };
		C85CA4F82206C9AA00AC8140 /* CalculateMachineUITests.xctest */ = {isa = PBXFileReference; explicitFileType = wrapper.cfbundle; includeInIndex = 0; path = CalculateMachineUITests.xctest; sourceTree = BUILT_PRODUCTS_DIR; };
		C85CA4FC2206C9AA00AC8140 /* CalculateMachineUITests.swift */ = {isa = PBXFileReference; lastKnownFileType = sourcecode.swift; path = CalculateMachineUITests.swift; sourceTree = "<group>"; };
		C85CA4FE2206C9AA00AC8140 /* Info.plist */ = {isa = PBXFileReference; lastKnownFileType = text.plist.xml; path = Info.plist; sourceTree = "<group>"; };
		C85CA50A2206C9CC00AC8140 /* ViewModel.swift */ = {isa = PBXFileReference; lastKnownFileType = sourcecode.swift; path = ViewModel.swift; sourceTree = "<group>"; };
		C85CA50C2206CA7D00AC8140 /* Protocol.swift */ = {isa = PBXFileReference; lastKnownFileType = sourcecode.swift; name = Protocol.swift; path = ../../../../Documents/Protocol.swift; sourceTree = "<group>"; };
		D00C673D25D8B94AADB92626 /* Pods-CalculateMachineTests.debug.xcconfig */ = {isa = PBXFileReference; includeInIndex = 1; lastKnownFileType = text.xcconfig; name = "Pods-CalculateMachineTests.debug.xcconfig"; path = "Target Support Files/Pods-CalculateMachineTests/Pods-CalculateMachineTests.debug.xcconfig"; sourceTree = "<group>"; };
		E36CD3B54E6C65526DDFB41A /* Pods_CalculateMachineUITests.framework */ = {isa = PBXFileReference; explicitFileType = wrapper.framework; includeInIndex = 0; path = Pods_CalculateMachineUITests.framework; sourceTree = BUILT_PRODUCTS_DIR; };
/* End PBXFileReference section */

/* Begin PBXFrameworksBuildPhase section */
		C85CA4D62206C9A700AC8140 /* Frameworks */ = {
			isa = PBXFrameworksBuildPhase;
			buildActionMask = 2147483647;
			files = (
				D2E5C59F46F942B078355C65 /* Pods_CalculateMachine.framework in Frameworks */,
			);
			runOnlyForDeploymentPostprocessing = 0;
		};
		C85CA4EA2206C9AA00AC8140 /* Frameworks */ = {
			isa = PBXFrameworksBuildPhase;
			buildActionMask = 2147483647;
			files = (
				8C2F729983DA45F38D410CA9 /* Pods_CalculateMachineTests.framework in Frameworks */,
			);
			runOnlyForDeploymentPostprocessing = 0;
		};
		C85CA4F52206C9AA00AC8140 /* Frameworks */ = {
			isa = PBXFrameworksBuildPhase;
			buildActionMask = 2147483647;
			files = (
				67DADC29D8A530FDB2777A25 /* Pods_CalculateMachineUITests.framework in Frameworks */,
			);
			runOnlyForDeploymentPostprocessing = 0;
		};
/* End PBXFrameworksBuildPhase section */

/* Begin PBXGroup section */
		15BB659D03967FB85CC87594 /* Frameworks */ = {
			isa = PBXGroup;
			children = (
				1864397B591D1FF7ECD8F0DA /* Pods_CalculateMachine.framework */,
				B214F9AD6C4970C142B9FABC /* Pods_CalculateMachineTests.framework */,
				E36CD3B54E6C65526DDFB41A /* Pods_CalculateMachineUITests.framework */,
			);
			name = Frameworks;
			sourceTree = "<group>";
		};
		C1563C8DBE64991B596F11FE /* Pods */ = {
			isa = PBXGroup;
			children = (
				65BFCDB390D266B104A6AE85 /* Pods-CalculateMachine.debug.xcconfig */,
				B30D25E586B9ECAB449F2F23 /* Pods-CalculateMachine.release.xcconfig */,
				D00C673D25D8B94AADB92626 /* Pods-CalculateMachineTests.debug.xcconfig */,
				82B32B1A685F46E01D4AB978 /* Pods-CalculateMachineTests.release.xcconfig */,
				1598691BBD60F451C19B1679 /* Pods-CalculateMachineUITests.debug.xcconfig */,
				6623DD92150AAC60BC5AA087 /* Pods-CalculateMachineUITests.release.xcconfig */,
			);
			name = Pods;
			path = Pods;
			sourceTree = "<group>";
		};
		C85CA4D02206C9A700AC8140 = {
			isa = PBXGroup;
			children = (
				C85CA4DB2206C9A700AC8140 /* CalculateMachine */,
				C85CA4F02206C9AA00AC8140 /* CalculateMachineTests */,
				C85CA4FB2206C9AA00AC8140 /* CalculateMachineUITests */,
				C85CA4DA2206C9A700AC8140 /* Products */,
				C1563C8DBE64991B596F11FE /* Pods */,
				15BB659D03967FB85CC87594 /* Frameworks */,
			);
			sourceTree = "<group>";
		};
		C85CA4DA2206C9A700AC8140 /* Products */ = {
			isa = PBXGroup;
			children = (
				C85CA4D92206C9A700AC8140 /* CalculateMachine.app */,
				C85CA4ED2206C9AA00AC8140 /* CalculateMachineTests.xctest */,
				C85CA4F82206C9AA00AC8140 /* CalculateMachineUITests.xctest */,
			);
			name = Products;
			sourceTree = "<group>";
		};
		C85CA4DB2206C9A700AC8140 /* CalculateMachine */ = {
			isa = PBXGroup;
			children = (
				C85CA4DC2206C9A700AC8140 /* AppDelegate.swift */,
				C85CA4DE2206C9A700AC8140 /* ViewController.swift */,
				C85CA50C2206CA7D00AC8140 /* Protocol.swift */,
				C85CA50A2206C9CC00AC8140 /* ViewModel.swift */,
				C85CA4E02206C9A700AC8140 /* Main.storyboard */,
				C85CA4E32206C9A900AC8140 /* Assets.xcassets */,
				C85CA4E52206C9A900AC8140 /* LaunchScreen.storyboard */,
				C85CA4E82206C9A900AC8140 /* Info.plist */,
			);
			path = CalculateMachine;
			sourceTree = "<group>";
		};
		C85CA4F02206C9AA00AC8140 /* CalculateMachineTests */ = {
			isa = PBXGroup;
			children = (
				C85CA4F12206C9AA00AC8140 /* CalculateMachineTests.swift */,
				C85CA4F32206C9AA00AC8140 /* Info.plist */,
			);
			path = CalculateMachineTests;
			sourceTree = "<group>";
		};
		C85CA4FB2206C9AA00AC8140 /* CalculateMachineUITests */ = {
			isa = PBXGroup;
			children = (
				C85CA4FC2206C9AA00AC8140 /* CalculateMachineUITests.swift */,
				C85CA4FE2206C9AA00AC8140 /* Info.plist */,
			);
			path = CalculateMachineUITests;
			sourceTree = "<group>";
		};
/* End PBXGroup section */

/* Begin PBXNativeTarget section */
		C85CA4D82206C9A700AC8140 /* CalculateMachine */ = {
			isa = PBXNativeTarget;
			buildConfigurationList = C85CA5012206C9AA00AC8140 /* Build configuration list for PBXNativeTarget "CalculateMachine" */;
			buildPhases = (
				66834E79BF5CF85EA034831B /* [CP] Check Pods Manifest.lock */,
				C85CA4D52206C9A700AC8140 /* Sources */,
				C85CA4D62206C9A700AC8140 /* Frameworks */,
				C85CA4D72206C9A700AC8140 /* Resources */,
				7302B7347E95B6C9072F8108 /* [CP] Embed Pods Frameworks */,
			);
			buildRules = (
			);
			dependencies = (
			);
			name = CalculateMachine;
			productName = CalculateMachine;
			productReference = C85CA4D92206C9A700AC8140 /* CalculateMachine.app */;
			productType = "com.apple.product-type.application";
		};
		C85CA4EC2206C9AA00AC8140 /* CalculateMachineTests */ = {
			isa = PBXNativeTarget;
			buildConfigurationList = C85CA5042206C9AA00AC8140 /* Build configuration list for PBXNativeTarget "CalculateMachineTests" */;
			buildPhases = (
				8E214968625931DAF8B6B52B /* [CP] Check Pods Manifest.lock */,
				C85CA4E92206C9AA00AC8140 /* Sources */,
				C85CA4EA2206C9AA00AC8140 /* Frameworks */,
				C85CA4EB2206C9AA00AC8140 /* Resources */,
				6C14DAA26CA66B7CC6FBAEC6 /* [CP] Embed Pods Frameworks */,
			);
			buildRules = (
			);
			dependencies = (
				C85CA4EF2206C9AA00AC8140 /* PBXTargetDependency */,
			);
			name = CalculateMachineTests;
			productName = CalculateMachineTests;
			productReference = C85CA4ED2206C9AA00AC8140 /* CalculateMachineTests.xctest */;
			productType = "com.apple.product-type.bundle.unit-test";
		};
		C85CA4F72206C9AA00AC8140 /* CalculateMachineUITests */ = {
			isa = PBXNativeTarget;
			buildConfigurationList = C85CA5072206C9AA00AC8140 /* Build configuration list for PBXNativeTarget "CalculateMachineUITests" */;
			buildPhases = (
				E38434BECA50165C941E4A48 /* [CP] Check Pods Manifest.lock */,
				C85CA4F42206C9AA00AC8140 /* Sources */,
				C85CA4F52206C9AA00AC8140 /* Frameworks */,
				C85CA4F62206C9AA00AC8140 /* Resources */,
			);
			buildRules = (
			);
			dependencies = (
				C85CA4FA2206C9AA00AC8140 /* PBXTargetDependency */,
			);
			name = CalculateMachineUITests;
			productName = CalculateMachineUITests;
			productReference = C85CA4F82206C9AA00AC8140 /* CalculateMachineUITests.xctest */;
			productType = "com.apple.product-type.bundle.ui-testing";
		};
/* End PBXNativeTarget section */

/* Begin PBXProject section */
		C85CA4D12206C9A700AC8140 /* Project object */ = {
			isa = PBXProject;
			attributes = {
				LastSwiftUpdateCheck = 1010;
				LastUpgradeCheck = 1010;
				ORGANIZATIONNAME = "George Liu";
				TargetAttributes = {
					C85CA4D82206C9A700AC8140 = {
						CreatedOnToolsVersion = 10.1;
					};
					C85CA4EC2206C9AA00AC8140 = {
						CreatedOnToolsVersion = 10.1;
						TestTargetID = C85CA4D82206C9A700AC8140;
					};
					C85CA4F72206C9AA00AC8140 = {
						CreatedOnToolsVersion = 10.1;
						TestTargetID = C85CA4D82206C9A700AC8140;
					};
				};
			};
			buildConfigurationList = C85CA4D42206C9A700AC8140 /* Build configuration list for PBXProject "CalculateMachine" */;
			compatibilityVersion = "Xcode 9.3";
			developmentRegion = en;
			hasScannedForEncodings = 0;
			knownRegions = (
				en,
				Base,
			);
			mainGroup = C85CA4D02206C9A700AC8140;
			productRefGroup = C85CA4DA2206C9A700AC8140 /* Products */;
			projectDirPath = "";
			projectRoot = "";
			targets = (
				C85CA4D82206C9A700AC8140 /* CalculateMachine */,
				C85CA4EC2206C9AA00AC8140 /* CalculateMachineTests */,
				C85CA4F72206C9AA00AC8140 /* CalculateMachineUITests */,
			);
		};
/* End PBXProject section */

/* Begin PBXResourcesBuildPhase section */
		C85CA4D72206C9A700AC8140 /* Resources */ = {
			isa = PBXResourcesBuildPhase;
			buildActionMask = 2147483647;
			files = (
				C85CA4E72206C9A900AC8140 /* LaunchScreen.storyboard in Resources */,
				C85CA4E42206C9A900AC8140 /* Assets.xcassets in Resources */,
				C85CA4E22206C9A700AC8140 /* Main.storyboard in Resources */,
			);
			runOnlyForDeploymentPostprocessing = 0;
		};
		C85CA4EB2206C9AA00AC8140 /* Resources */ = {
			isa = PBXResourcesBuildPhase;
			buildActionMask = 2147483647;
			files = (
			);
			runOnlyForDeploymentPostprocessing = 0;
		};
		C85CA4F62206C9AA00AC8140 /* Resources */ = {
			isa = PBXResourcesBuildPhase;
			buildActionMask = 2147483647;
			files = (
			);
			runOnlyForDeploymentPostprocessing = 0;
		};
/* End PBXResourcesBuildPhase section */

/* Begin PBXShellScriptBuildPhase section */
		66834E79BF5CF85EA034831B /* [CP] Check Pods Manifest.lock */ = {
			isa = PBXShellScriptBuildPhase;
			buildActionMask = 2147483647;
			files = (
			);
			inputFileListPaths = (
			);
			inputPaths = (
				"${PODS_PODFILE_DIR_PATH}/Podfile.lock",
				"${PODS_ROOT}/Manifest.lock",
			);
			name = "[CP] Check Pods Manifest.lock";
			outputFileListPaths = (
			);
			outputPaths = (
				"$(DERIVED_FILE_DIR)/Pods-CalculateMachine-checkManifestLockResult.txt",
			);
			runOnlyForDeploymentPostprocessing = 0;
			shellPath = /bin/sh;
			shellScript = "diff \"${PODS_PODFILE_DIR_PATH}/Podfile.lock\" \"${PODS_ROOT}/Manifest.lock\" > /dev/null\nif [ $? != 0 ] ; then\n    # print error to STDERR\n    echo \"error: The sandbox is not in sync with the Podfile.lock. Run 'pod install' or update your CocoaPods installation.\" >&2\n    exit 1\nfi\n# This output is used by Xcode 'outputs' to avoid re-running this script phase.\necho \"SUCCESS\" > \"${SCRIPT_OUTPUT_FILE_0}\"\n";
			showEnvVarsInLog = 0;
		};
		6C14DAA26CA66B7CC6FBAEC6 /* [CP] Embed Pods Frameworks */ = {
			isa = PBXShellScriptBuildPhase;
			buildActionMask = 2147483647;
			files = (
			);
			inputFileListPaths = (
			);
			inputPaths = (
				"${PODS_ROOT}/Target Support Files/Pods-CalculateMachineTests/Pods-CalculateMachineTests-frameworks.sh",
				"${BUILT_PRODUCTS_DIR}/RxAtomic/RxAtomic.framework",
				"${BUILT_PRODUCTS_DIR}/RxSwift/RxSwift.framework",
				"${BUILT_PRODUCTS_DIR}/RxBlocking/RxBlocking.framework",
				"${BUILT_PRODUCTS_DIR}/RxTest/RxTest.framework",
			);
			name = "[CP] Embed Pods Frameworks";
			outputFileListPaths = (
			);
			outputPaths = (
				"${TARGET_BUILD_DIR}/${FRAMEWORKS_FOLDER_PATH}/RxAtomic.framework",
				"${TARGET_BUILD_DIR}/${FRAMEWORKS_FOLDER_PATH}/RxSwift.framework",
				"${TARGET_BUILD_DIR}/${FRAMEWORKS_FOLDER_PATH}/RxBlocking.framework",
				"${TARGET_BUILD_DIR}/${FRAMEWORKS_FOLDER_PATH}/RxTest.framework",
			);
			runOnlyForDeploymentPostprocessing = 0;
			shellPath = /bin/sh;
			shellScript = "\"${PODS_ROOT}/Target Support Files/Pods-CalculateMachineTests/Pods-CalculateMachineTests-frameworks.sh\"\n";
			showEnvVarsInLog = 0;
		};
		7302B7347E95B6C9072F8108 /* [CP] Embed Pods Frameworks */ = {
			isa = PBXShellScriptBuildPhase;
			buildActionMask = 2147483647;
			files = (
			);
			inputFileListPaths = (
			);
			inputPaths = (
				"${PODS_ROOT}/Target Support Files/Pods-CalculateMachine/Pods-CalculateMachine-frameworks.sh",
				"${BUILT_PRODUCTS_DIR}/RxAtomic/RxAtomic.framework",
				"${BUILT_PRODUCTS_DIR}/RxCocoa/RxCocoa.framework",
				"${BUILT_PRODUCTS_DIR}/RxSwift/RxSwift.framework",
			);
			name = "[CP] Embed Pods Frameworks";
			outputFileListPaths = (
			);
			outputPaths = (
				"${TARGET_BUILD_DIR}/${FRAMEWORKS_FOLDER_PATH}/RxAtomic.framework",
				"${TARGET_BUILD_DIR}/${FRAMEWORKS_FOLDER_PATH}/RxCocoa.framework",
				"${TARGET_BUILD_DIR}/${FRAMEWORKS_FOLDER_PATH}/RxSwift.framework",
			);
			runOnlyForDeploymentPostprocessing = 0;
			shellPath = /bin/sh;
			shellScript = "\"${PODS_ROOT}/Target Support Files/Pods-CalculateMachine/Pods-CalculateMachine-frameworks.sh\"\n";
			showEnvVarsInLog = 0;
		};
		8E214968625931DAF8B6B52B /* [CP] Check Pods Manifest.lock */ = {
			isa = PBXShellScriptBuildPhase;
			buildActionMask = 2147483647;
			files = (
			);
			inputFileListPaths = (
			);
			inputPaths = (
				"${PODS_PODFILE_DIR_PATH}/Podfile.lock",
				"${PODS_ROOT}/Manifest.lock",
			);
			name = "[CP] Check Pods Manifest.lock";
			outputFileListPaths = (
			);
			outputPaths = (
				"$(DERIVED_FILE_DIR)/Pods-CalculateMachineTests-checkManifestLockResult.txt",
			);
			runOnlyForDeploymentPostprocessing = 0;
			shellPath = /bin/sh;
			shellScript = "diff \"${PODS_PODFILE_DIR_PATH}/Podfile.lock\" \"${PODS_ROOT}/Manifest.lock\" > /dev/null\nif [ $? != 0 ] ; then\n    # print error to STDERR\n    echo \"error: The sandbox is not in sync with the Podfile.lock. Run 'pod install' or update your CocoaPods installation.\" >&2\n    exit 1\nfi\n# This output is used by Xcode 'outputs' to avoid re-running this script phase.\necho \"SUCCESS\" > \"${SCRIPT_OUTPUT_FILE_0}\"\n";
			showEnvVarsInLog = 0;
		};
		E38434BECA50165C941E4A48 /* [CP] Check Pods Manifest.lock */ = {
			isa = PBXShellScriptBuildPhase;
			buildActionMask = 2147483647;
			files = (
			);
			inputFileListPaths = (
			);
			inputPaths = (
				"${PODS_PODFILE_DIR_PATH}/Podfile.lock",
				"${PODS_ROOT}/Manifest.lock",
			);
			name = "[CP] Check Pods Manifest.lock";
			outputFileListPaths = (
			);
			outputPaths = (
				"$(DERIVED_FILE_DIR)/Pods-CalculateMachineUITests-checkManifestLockResult.txt",
			);
			runOnlyForDeploymentPostprocessing = 0;
			shellPath = /bin/sh;
			shellScript = "diff \"${PODS_PODFILE_DIR_PATH}/Podfile.lock\" \"${PODS_ROOT}/Manifest.lock\" > /dev/null\nif [ $? != 0 ] ; then\n    # print error to STDERR\n    echo \"error: The sandbox is not in sync with the Podfile.lock. Run 'pod install' or update your CocoaPods installation.\" >&2\n    exit 1\nfi\n# This output is used by Xcode 'outputs' to avoid re-running this script phase.\necho \"SUCCESS\" > \"${SCRIPT_OUTPUT_FILE_0}\"\n";
			showEnvVarsInLog = 0;
		};
/* End PBXShellScriptBuildPhase section */

/* Begin PBXSourcesBuildPhase section */
		C85CA4D52206C9A700AC8140 /* Sources */ = {
			isa = PBXSourcesBuildPhase;
			buildActionMask = 2147483647;
			files = (
				C85CA4DF2206C9A700AC8140 /* ViewController.swift in Sources */,
				C85CA50B2206C9CC00AC8140 /* ViewModel.swift in Sources */,
				C85CA4DD2206C9A700AC8140 /* AppDelegate.swift in Sources */,
				C85CA50D2206CA7D00AC8140 /* Protocol.swift in Sources */,
			);
			runOnlyForDeploymentPostprocessing = 0;
		};
		C85CA4E92206C9AA00AC8140 /* Sources */ = {
			isa = PBXSourcesBuildPhase;
			buildActionMask = 2147483647;
			files = (
				C85CA4F22206C9AA00AC8140 /* CalculateMachineTests.swift in Sources */,
			);
			runOnlyForDeploymentPostprocessing = 0;
		};
		C85CA4F42206C9AA00AC8140 /* Sources */ = {
			isa = PBXSourcesBuildPhase;
			buildActionMask = 2147483647;
			files = (
				C85CA4FD2206C9AA00AC8140 /* CalculateMachineUITests.swift in Sources */,
			);
			runOnlyForDeploymentPostprocessing = 0;
		};
/* End PBXSourcesBuildPhase section */

/* Begin PBXTargetDependency section */
		C85CA4EF2206C9AA00AC8140 /* PBXTargetDependency */ = {
			isa = PBXTargetDependency;
			target = C85CA4D82206C9A700AC8140 /* CalculateMachine */;
			targetProxy = C85CA4EE2206C9AA00AC8140 /* PBXContainerItemProxy */;
		};
		C85CA4FA2206C9AA00AC8140 /* PBXTargetDependency */ = {
			isa = PBXTargetDependency;
			target = C85CA4D82206C9A700AC8140 /* CalculateMachine */;
			targetProxy = C85CA4F92206C9AA00AC8140 /* PBXContainerItemProxy */;
		};
/* End PBXTargetDependency section */

/* Begin PBXVariantGroup section */
		C85CA4E02206C9A700AC8140 /* Main.storyboard */ = {
			isa = PBXVariantGroup;
			children = (
				C85CA4E12206C9A700AC8140 /* Base */,
			);
			name = Main.storyboard;
			sourceTree = "<group>";
		};
		C85CA4E52206C9A900AC8140 /* LaunchScreen.storyboard */ = {
			isa = PBXVariantGroup;
			children = (
				C85CA4E62206C9A900AC8140 /* Base */,
			);
			name = LaunchScreen.storyboard;
			sourceTree = "<group>";
		};
/* End PBXVariantGroup section */

/* Begin XCBuildConfiguration section */
		C85CA4FF2206C9AA00AC8140 /* Debug */ = {
			isa = XCBuildConfiguration;
			buildSettings = {
				ALWAYS_SEARCH_USER_PATHS = NO;
				CLANG_ANALYZER_NONNULL = YES;
				CLANG_ANALYZER_NUMBER_OBJECT_CONVERSION = YES_AGGRESSIVE;
				CLANG_CXX_LANGUAGE_STANDARD = "gnu++14";
				CLANG_CXX_LIBRARY = "libc++";
				CLANG_ENABLE_MODULES = YES;
				CLANG_ENABLE_OBJC_ARC = YES;
				CLANG_ENABLE_OBJC_WEAK = YES;
				CLANG_WARN_BLOCK_CAPTURE_AUTORELEASING = YES;
				CLANG_WARN_BOOL_CONVERSION = YES;
				CLANG_WARN_COMMA = YES;
				CLANG_WARN_CONSTANT_CONVERSION = YES;
				CLANG_WARN_DEPRECATED_OBJC_IMPLEMENTATIONS = YES;
				CLANG_WARN_DIRECT_OBJC_ISA_USAGE = YES_ERROR;
				CLANG_WARN_DOCUMENTATION_COMMENTS = YES;
				CLANG_WARN_EMPTY_BODY = YES;
				CLANG_WARN_ENUM_CONVERSION = YES;
				CLANG_WARN_INFINITE_RECURSION = YES;
				CLANG_WARN_INT_CONVERSION = YES;
				CLANG_WARN_NON_LITERAL_NULL_CONVERSION = YES;
				CLANG_WARN_OBJC_IMPLICIT_RETAIN_SELF = YES;
				CLANG_WARN_OBJC_LITERAL_CONVERSION = YES;
				CLANG_WARN_OBJC_ROOT_CLASS = YES_ERROR;
				CLANG_WARN_RANGE_LOOP_ANALYSIS = YES;
				CLANG_WARN_STRICT_PROTOTYPES = YES;
				CLANG_WARN_SUSPICIOUS_MOVE = YES;
				CLANG_WARN_UNGUARDED_AVAILABILITY = YES_AGGRESSIVE;
				CLANG_WARN_UNREACHABLE_CODE = YES;
				CLANG_WARN__DUPLICATE_METHOD_MATCH = YES;
				CODE_SIGN_IDENTITY = "iPhone Developer";
				COPY_PHASE_STRIP = NO;
				DEBUG_INFORMATION_FORMAT = dwarf;
				ENABLE_STRICT_OBJC_MSGSEND = YES;
				ENABLE_TESTABILITY = YES;
				GCC_C_LANGUAGE_STANDARD = gnu11;
				GCC_DYNAMIC_NO_PIC = NO;
				GCC_NO_COMMON_BLOCKS = YES;
				GCC_OPTIMIZATION_LEVEL = 0;
				GCC_PREPROCESSOR_DEFINITIONS = (
					"DEBUG=1",
					"$(inherited)",
				);
				GCC_WARN_64_TO_32_BIT_CONVERSION = YES;
				GCC_WARN_ABOUT_RETURN_TYPE = YES_ERROR;
				GCC_WARN_UNDECLARED_SELECTOR = YES;
				GCC_WARN_UNINITIALIZED_AUTOS = YES_AGGRESSIVE;
				GCC_WARN_UNUSED_FUNCTION = YES;
				GCC_WARN_UNUSED_VARIABLE = YES;
				IPHONEOS_DEPLOYMENT_TARGET = 12.1;
				MTL_ENABLE_DEBUG_INFO = INCLUDE_SOURCE;
				MTL_FAST_MATH = YES;
				ONLY_ACTIVE_ARCH = YES;
				SDKROOT = iphoneos;
				SWIFT_ACTIVE_COMPILATION_CONDITIONS = DEBUG;
				SWIFT_OPTIMIZATION_LEVEL = "-Onone";
			};
			name = Debug;
		};
		C85CA5002206C9AA00AC8140 /* Release */ = {
			isa = XCBuildConfiguration;
			buildSettings = {
				ALWAYS_SEARCH_USER_PATHS = NO;
				CLANG_ANALYZER_NONNULL = YES;
				CLANG_ANALYZER_NUMBER_OBJECT_CONVERSION = YES_AGGRESSIVE;
				CLANG_CXX_LANGUAGE_STANDARD = "gnu++14";
				CLANG_CXX_LIBRARY = "libc++";
				CLANG_ENABLE_MODULES = YES;
				CLANG_ENABLE_OBJC_ARC = YES;
				CLANG_ENABLE_OBJC_WEAK = YES;
				CLANG_WARN_BLOCK_CAPTURE_AUTORELEASING = YES;
				CLANG_WARN_BOOL_CONVERSION = YES;
				CLANG_WARN_COMMA = YES;
				CLANG_WARN_CONSTANT_CONVERSION = YES;
				CLANG_WARN_DEPRECATED_OBJC_IMPLEMENTATIONS = YES;
				CLANG_WARN_DIRECT_OBJC_ISA_USAGE = YES_ERROR;
				CLANG_WARN_DOCUMENTATION_COMMENTS = YES;
				CLANG_WARN_EMPTY_BODY = YES;
				CLANG_WARN_ENUM_CONVERSION = YES;
				CLANG_WARN_INFINITE_RECURSION = YES;
				CLANG_WARN_INT_CONVERSION = YES;
				CLANG_WARN_NON_LITERAL_NULL_CONVERSION = YES;
				CLANG_WARN_OBJC_IMPLICIT_RETAIN_SELF = YES;
				CLANG_WARN_OBJC_LITERAL_CONVERSION = YES;
				CLANG_WARN_OBJC_ROOT_CLASS = YES_ERROR;
				CLANG_WARN_RANGE_LOOP_ANALYSIS = YES;
				CLANG_WARN_STRICT_PROTOTYPES = YES;
				CLANG_WARN_SUSPICIOUS_MOVE = YES;
				CLANG_WARN_UNGUARDED_AVAILABILITY = YES_AGGRESSIVE;
				CLANG_WARN_UNREACHABLE_CODE = YES;
				CLANG_WARN__DUPLICATE_METHOD_MATCH = YES;
				CODE_SIGN_IDENTITY = "iPhone Developer";
				COPY_PHASE_STRIP = NO;
				DEBUG_INFORMATION_FORMAT = "dwarf-with-dsym";
				ENABLE_NS_ASSERTIONS = NO;
				ENABLE_STRICT_OBJC_MSGSEND = YES;
				GCC_C_LANGUAGE_STANDARD = gnu11;
				GCC_NO_COMMON_BLOCKS = YES;
				GCC_WARN_64_TO_32_BIT_CONVERSION = YES;
				GCC_WARN_ABOUT_RETURN_TYPE = YES_ERROR;
				GCC_WARN_UNDECLARED_SELECTOR = YES;
				GCC_WARN_UNINITIALIZED_AUTOS = YES_AGGRESSIVE;
				GCC_WARN_UNUSED_FUNCTION = YES;
				GCC_WARN_UNUSED_VARIABLE = YES;
				IPHONEOS_DEPLOYMENT_TARGET = 12.1;
				MTL_ENABLE_DEBUG_INFO = NO;
				MTL_FAST_MATH = YES;
				SDKROOT = iphoneos;
				SWIFT_COMPILATION_MODE = wholemodule;
				SWIFT_OPTIMIZATION_LEVEL = "-O";
				VALIDATE_PRODUCT = YES;
			};
			name = Release;
		};
		C85CA5022206C9AA00AC8140 /* Debug */ = {
			isa = XCBuildConfiguration;
			baseConfigurationReference = 65BFCDB390D266B104A6AE85 /* Pods-CalculateMachine.debug.xcconfig */;
			buildSettings = {
				ASSETCATALOG_COMPILER_APPICON_NAME = AppIcon;
				CODE_SIGN_STYLE = Automatic;
				DEVELOPMENT_TEAM = 6BWKV47PKT;
				INFOPLIST_FILE = CalculateMachine/Info.plist;
				LD_RUNPATH_SEARCH_PATHS = (
					"$(inherited)",
					"@executable_path/Frameworks",
				);
				PRODUCT_BUNDLE_IDENTIFIER = com.george.CalculateMachine;
				PRODUCT_NAME = "$(TARGET_NAME)";
				SWIFT_VERSION = 4.2;
				TARGETED_DEVICE_FAMILY = "1,2";
			};
			name = Debug;
		};
		C85CA5032206C9AA00AC8140 /* Release */ = {
			isa = XCBuildConfiguration;
			baseConfigurationReference = B30D25E586B9ECAB449F2F23 /* Pods-CalculateMachine.release.xcconfig */;
			buildSettings = {
				ASSETCATALOG_COMPILER_APPICON_NAME = AppIcon;
				CODE_SIGN_STYLE = Automatic;
				DEVELOPMENT_TEAM = 6BWKV47PKT;
				INFOPLIST_FILE = CalculateMachine/Info.plist;
				LD_RUNPATH_SEARCH_PATHS = (
					"$(inherited)",
					"@executable_path/Frameworks",
				);
				PRODUCT_BUNDLE_IDENTIFIER = com.george.CalculateMachine;
				PRODUCT_NAME = "$(TARGET_NAME)";
				SWIFT_VERSION = 4.2;
				TARGETED_DEVICE_FAMILY = "1,2";
			};
			name = Release;
		};
		C85CA5052206C9AA00AC8140 /* Debug */ = {
			isa = XCBuildConfiguration;
			baseConfigurationReference = D00C673D25D8B94AADB92626 /* Pods-CalculateMachineTests.debug.xcconfig */;
			buildSettings = {
				ALWAYS_EMBED_SWIFT_STANDARD_LIBRARIES = YES;
				BUNDLE_LOADER = "$(TEST_HOST)";
				CODE_SIGN_STYLE = Automatic;
				DEVELOPMENT_TEAM = 6BWKV47PKT;
				INFOPLIST_FILE = CalculateMachineTests/Info.plist;
				LD_RUNPATH_SEARCH_PATHS = (
					"$(inherited)",
					"@executable_path/Frameworks",
					"@loader_path/Frameworks",
				);
				PRODUCT_BUNDLE_IDENTIFIER = com.george.CalculateMachineTests;
				PRODUCT_NAME = "$(TARGET_NAME)";
				SWIFT_VERSION = 4.2;
				TARGETED_DEVICE_FAMILY = "1,2";
				TEST_HOST = "$(BUILT_PRODUCTS_DIR)/CalculateMachine.app/CalculateMachine";
			};
			name = Debug;
		};
		C85CA5062206C9AA00AC8140 /* Release */ = {
			isa = XCBuildConfiguration;
			baseConfigurationReference = 82B32B1A685F46E01D4AB978 /* Pods-CalculateMachineTests.release.xcconfig */;
			buildSettings = {
				ALWAYS_EMBED_SWIFT_STANDARD_LIBRARIES = YES;
				BUNDLE_LOADER = "$(TEST_HOST)";
				CODE_SIGN_STYLE = Automatic;
				DEVELOPMENT_TEAM = 6BWKV47PKT;
				INFOPLIST_FILE = CalculateMachineTests/Info.plist;
				LD_RUNPATH_SEARCH_PATHS = (
					"$(inherited)",
					"@executable_path/Frameworks",
					"@loader_path/Frameworks",
				);
				PRODUCT_BUNDLE_IDENTIFIER = com.george.CalculateMachineTests;
				PRODUCT_NAME = "$(TARGET_NAME)";
				SWIFT_VERSION = 4.2;
				TARGETED_DEVICE_FAMILY = "1,2";
				TEST_HOST = "$(BUILT_PRODUCTS_DIR)/CalculateMachine.app/CalculateMachine";
			};
			name = Release;
		};
		C85CA5082206C9AA00AC8140 /* Debug */ = {
			isa = XCBuildConfiguration;
			baseConfigurationReference = 1598691BBD60F451C19B1679 /* Pods-CalculateMachineUITests.debug.xcconfig */;
			buildSettings = {
				ALWAYS_EMBED_SWIFT_STANDARD_LIBRARIES = YES;
				CODE_SIGN_STYLE = Automatic;
				DEVELOPMENT_TEAM = 6BWKV47PKT;
				INFOPLIST_FILE = CalculateMachineUITests/Info.plist;
				LD_RUNPATH_SEARCH_PATHS = (
					"$(inherited)",
					"@executable_path/Frameworks",
					"@loader_path/Frameworks",
				);
				PRODUCT_BUNDLE_IDENTIFIER = com.george.CalculateMachineUITests;
				PRODUCT_NAME = "$(TARGET_NAME)";
				SWIFT_VERSION = 4.2;
				TARGETED_DEVICE_FAMILY = "1,2";
				TEST_TARGET_NAME = CalculateMachine;
			};
			name = Debug;
		};
		C85CA5092206C9AA00AC8140 /* Release */ = {
			isa = XCBuildConfiguration;
			baseConfigurationReference = 6623DD92150AAC60BC5AA087 /* Pods-CalculateMachineUITests.release.xcconfig */;
			buildSettings = {
				ALWAYS_EMBED_SWIFT_STANDARD_LIBRARIES = YES;
				CODE_SIGN_STYLE = Automatic;
				DEVELOPMENT_TEAM = 6BWKV47PKT;
				INFOPLIST_FILE = CalculateMachineUITests/Info.plist;
				LD_RUNPATH_SEARCH_PATHS = (
					"$(inherited)",
					"@executable_path/Frameworks",
					"@loader_path/Frameworks",
				);
				PRODUCT_BUNDLE_IDENTIFIER = com.george.CalculateMachineUITests;
				PRODUCT_NAME = "$(TARGET_NAME)";
				SWIFT_VERSION = 4.2;
				TARGETED_DEVICE_FAMILY = "1,2";
				TEST_TARGET_NAME = CalculateMachine;
			};
			name = Release;
		};
/* End XCBuildConfiguration section */

/* Begin XCConfigurationList section */
		C85CA4D42206C9A700AC8140 /* Build configuration list for PBXProject "CalculateMachine" */ = {
			isa = XCConfigurationList;
			buildConfigurations = (
				C85CA4FF2206C9AA00AC8140 /* Debug */,
				C85CA5002206C9AA00AC8140 /* Release */,
			);
			defaultConfigurationIsVisible = 0;
			defaultConfigurationName = Release;
		};
		C85CA5012206C9AA00AC8140 /* Build configuration list for PBXNativeTarget "CalculateMachine" */ = {
			isa = XCConfigurationList;
			buildConfigurations = (
				C85CA5022206C9AA00AC8140 /* Debug */,
				C85CA5032206C9AA00AC8140 /* Release */,
			);
			defaultConfigurationIsVisible = 0;
			defaultConfigurationName = Release;
		};
		C85CA5042206C9AA00AC8140 /* Build configuration list for PBXNativeTarget "CalculateMachineTests" */ = {
			isa = XCConfigurationList;
			buildConfigurations = (
				C85CA5052206C9AA00AC8140 /* Debug */,
				C85CA5062206C9AA00AC8140 /* Release */,
			);
			defaultConfigurationIsVisible = 0;
			defaultConfigurationName = Release;
		};
		C85CA5072206C9AA00AC8140 /* Build configuration list for PBXNativeTarget "CalculateMachineUITests" */ = {
			isa = XCConfigurationList;
			buildConfigurations = (
				C85CA5082206C9AA00AC8140 /* Debug */,
				C85CA5092206C9AA00AC8140 /* Release */,
			);
			defaultConfigurationIsVisible = 0;
			defaultConfigurationName = Release;
		};
/* End XCConfigurationList section */
	};
	rootObject = C85CA4D12206C9A700AC8140 /* Project object */;
}
